
Microsoft Visual Studio Solution File, Format Version 12.00
# Visual Studio Version 16
VisualStudioVersion = 25.0.1700.6
MinimumVisualStudioVersion = 10.0.40219.1
Project("{FAE04EC0-301F-11D3-BF4B-00C04F79EFBC}") = "Recursion", "Recursion\Recursion.csproj", "{C04AD34F-B063-42A8-A424-3446EA7DEEF6}"
EndProject
Global
	GlobalSection(SolutionConfigurationPlatforms) = preSolution
		Debug|Any CPU = Debug|Any CPU
		Release|Any CPU = Release|Any CPU
	EndGlobalSection
	GlobalSection(ProjectConfigurationPlatforms) = postSolution
		{C04AD34F-B063-42A8-A424-3446EA7DEEF6}.Debug|Any CPU.ActiveCfg = Debug|Any CPU
		{C04AD34F-B063-42A8-A424-3446EA7DEEF6}.Debug|Any CPU.Build.0 = Debug|Any CPU
		{C04AD34F-B063-42A8-A424-3446EA7DEEF6}.Release|Any CPU.ActiveCfg = Release|Any CPU
		{C04AD34F-B063-42A8-A424-3446EA7DEEF6}.Release|Any CPU.Build.0 = Release|Any CPU
	EndGlobalSection
	GlobalSection(SolutionProperties) = preSolution
		HideSolutionNode = FALSE
	EndGlobalSection
	GlobalSection(ExtensibilityGlobals) = postSolution
		SolutionGuid = {DB086B56-8DA0-48DA-A026-41956D54244F}
	EndGlobalSection
EndGlobal
